
Microsoft Visual Studio Solution File, Format Version 12.00
# Visual Studio 2013
VisualStudioVersion = 12.0.31101.0
MinimumVisualStudioVersion = 10.0.40219.1
Project("{FAE04EC0-301F-11D3-BF4B-00C04F79EFBC}") = "MassTransit.Persistence.Couchbase", "MassTransit.Persistence.Couchbase\MassTransit.Persistence.Couchbase.csproj", "{B00E0964-7AE4-4480-B09F-645791CC0A72}"
EndProject
Project("{FAE04EC0-301F-11D3-BF4B-00C04F79EFBC}") = "MassTransit.Persistence.Couchbase.Tests", "MassTransit.Persistence.Couchbase.Tests\MassTransit.Persistence.Couchbase.Tests.csproj", "{58A8A1C8-4A66-4610-9ED2-22D1B147E5C4}"
EndProject
Project("{2150E333-8FDC-42A3-9474-1A3956D46DE8}") = "Build", "Build", "{972D9A66-32DF-4F4A-9EFC-84EF5B63FEAC}"
	ProjectSection(SolutionItems) = preProject
		..\.travis.yml = ..\.travis.yml
		..\build.bat = ..\build.bat
		..\build.fsx = ..\build.fsx
		..\build.sh = ..\build.sh
		..\buildConfig.fsx = ..\buildConfig.fsx
		..\nuget.config = ..\nuget.config
	EndProjectSection
EndProject
Project("{2150E333-8FDC-42A3-9474-1A3956D46DE8}") = "Docs", "Docs", "{8AF33233-6475-47CC-9193-61D5BF2CC065}"
	ProjectSection(SolutionItems) = preProject
		..\LICENSE.txt = ..\LICENSE.txt
		..\README.md = ..\README.md
	EndProjectSection
EndProject
Global
	GlobalSection(SolutionConfigurationPlatforms) = preSolution
		Debug|Any CPU = Debug|Any CPU
		Release|Any CPU = Release|Any CPU
	EndGlobalSection
	GlobalSection(ProjectConfigurationPlatforms) = postSolution
		{B00E0964-7AE4-4480-B09F-645791CC0A72}.Debug|Any CPU.ActiveCfg = Debug|Any CPU
		{B00E0964-7AE4-4480-B09F-645791CC0A72}.Debug|Any CPU.Build.0 = Debug|Any CPU
		{B00E0964-7AE4-4480-B09F-645791CC0A72}.Release|Any CPU.ActiveCfg = Release|Any CPU
		{B00E0964-7AE4-4480-B09F-645791CC0A72}.Release|Any CPU.Build.0 = Release|Any CPU
		{58A8A1C8-4A66-4610-9ED2-22D1B147E5C4}.Debug|Any CPU.ActiveCfg = Debug|Any CPU
		{58A8A1C8-4A66-4610-9ED2-22D1B147E5C4}.Debug|Any CPU.Build.0 = Debug|Any CPU
		{58A8A1C8-4A66-4610-9ED2-22D1B147E5C4}.Release|Any CPU.ActiveCfg = Release|Any CPU
		{58A8A1C8-4A66-4610-9ED2-22D1B147E5C4}.Release|Any CPU.Build.0 = Release|Any CPU
	EndGlobalSection
	GlobalSection(SolutionProperties) = preSolution
		HideSolutionNode = FALSE
	EndGlobalSection
EndGlobal
